// !$*UTF8*$!
{
	archiveVersion = 1;
	classes = {
	};
	objectVersion = 55;
	objects = {

/* Begin PBXBuildFile section */
		D93BDB7F275E465600E610F3 /* main.swift in Sources */ = {isa = PBXBuildFile; fileRef = D93BDB7E275E465600E610F3 /* main.swift */; };
		D93BDB8A275E4FE300E610F3 /* main.swift in Sources */ = {isa = PBXBuildFile; fileRef = D93BDB89275E4FE300E610F3 /* main.swift */; };
		D93BDB98275F95F300E610F3 /* input.txt in CopyFiles */ = {isa = PBXBuildFile; fileRef = D93BDB97275F94C400E610F3 /* input.txt */; };
		D93BDBA0275F964E00E610F3 /* main.swift in Sources */ = {isa = PBXBuildFile; fileRef = D93BDB9F275F964E00E610F3 /* main.swift */; };
		D93BDBA4275FCA2900E610F3 /* input.txt in CopyFiles */ = {isa = PBXBuildFile; fileRef = D93BDB96275EB3F600E610F3 /* input.txt */; };
		D93BDBA5275FCA3500E610F3 /* input.txt in CopyFiles */ = {isa = PBXBuildFile; fileRef = D93BDB92275EB3C800E610F3 /* input.txt */; };
		D93BDBA6275FCA3A00E610F3 /* input.txt in CopyFiles */ = {isa = PBXBuildFile; fileRef = D93BDB90275EB38900E610F3 /* input.txt */; };
		D93BDBA7275FCA3E00E610F3 /* input.txt in CopyFiles */ = {isa = PBXBuildFile; fileRef = D93BDB93275EB3D500E610F3 /* input.txt */; };
		D93BDBA8275FCA4300E610F3 /* input.txt in CopyFiles */ = {isa = PBXBuildFile; fileRef = D93BDB94275EB3DF00E610F3 /* input.txt */; };
		D93BDBA9275FCA5F00E610F3 /* input.txt in CopyFiles */ = {isa = PBXBuildFile; fileRef = D93BDB95275EB3E800E610F3 /* input.txt */; };
		D94BCC5C27592C0200A53207 /* main.swift in Sources */ = {isa = PBXBuildFile; fileRef = D9F67AE62759233A007F45AF /* main.swift */; };
		D94BCC5D27592C0900A53207 /* main.swift in Sources */ = {isa = PBXBuildFile; fileRef = D9F67AE32759233A007F45AF /* main.swift */; };
		D9AB01EA27615F8D00D5CE74 /* main.swift in Sources */ = {isa = PBXBuildFile; fileRef = D9AB01E927615F8D00D5CE74 /* main.swift */; };
		D9AB0202276354F000D5CE74 /* main.swift in Sources */ = {isa = PBXBuildFile; fileRef = D9AB0201276354F000D5CE74 /* main.swift */; };
		D9D37B5C275CDE7F005713C6 /* main.swift in Sources */ = {isa = PBXBuildFile; fileRef = D9D37B5B275CDE7F005713C6 /* main.swift */; };
		D9E905AC275B9EE0003E0A98 /* main.swift in Sources */ = {isa = PBXBuildFile; fileRef = D9E905AB275B9EE0003E0A98 /* main.swift */; };
		D9F67B3B27592AC9007F45AF /* main.swift in Sources */ = {isa = PBXBuildFile; fileRef = D9F67B3A27592AC9007F45AF /* main.swift */; };
/* End PBXBuildFile section */

/* Begin PBXCopyFilesBuildPhase section */
		D93BDB7A275E465600E610F3 /* CopyFiles */ = {
			isa = PBXCopyFilesBuildPhase;
			buildActionMask = 2147483647;
			dstPath = "";
			dstSubfolderSpec = 16;
			files = (
				D93BDBA4275FCA2900E610F3 /* input.txt in CopyFiles */,
			);
			runOnlyForDeploymentPostprocessing = 1;
		};
		D93BDB85275E4FE300E610F3 /* CopyFiles */ = {
			isa = PBXCopyFilesBuildPhase;
			buildActionMask = 2147483647;
			dstPath = "";
			dstSubfolderSpec = 16;
			files = (
				D93BDB98275F95F300E610F3 /* input.txt in CopyFiles */,
			);
			runOnlyForDeploymentPostprocessing = 1;
		};
		D93BDB9B275F964E00E610F3 /* CopyFiles */ = {
			isa = PBXCopyFilesBuildPhase;
			buildActionMask = 2147483647;
			dstPath = /usr/share/man/man1/;
			dstSubfolderSpec = 0;
			files = (
			);
			runOnlyForDeploymentPostprocessing = 1;
		};
		D9AB01E527615F8C00D5CE74 /* CopyFiles */ = {
			isa = PBXCopyFilesBuildPhase;
			buildActionMask = 2147483647;
			dstPath = /usr/share/man/man1/;
			dstSubfolderSpec = 0;
			files = (
			);
			runOnlyForDeploymentPostprocessing = 1;
		};
		D9AB01FD276354F000D5CE74 /* CopyFiles */ = {
			isa = PBXCopyFilesBuildPhase;
			buildActionMask = 2147483647;
			dstPath = /usr/share/man/man1/;
			dstSubfolderSpec = 0;
			files = (
			);
			runOnlyForDeploymentPostprocessing = 1;
		};
		D9D37B57275CDE7F005713C6 /* CopyFiles */ = {
			isa = PBXCopyFilesBuildPhase;
			buildActionMask = 2147483647;
			dstPath = "";
			dstSubfolderSpec = 16;
			files = (
				D93BDBA9275FCA5F00E610F3 /* input.txt in CopyFiles */,
			);
			runOnlyForDeploymentPostprocessing = 1;
		};
		D9E905A7275B9EE0003E0A98 /* CopyFiles */ = {
			isa = PBXCopyFilesBuildPhase;
			buildActionMask = 2147483647;
			dstPath = "";
			dstSubfolderSpec = 16;
			files = (
				D93BDBA8275FCA4300E610F3 /* input.txt in CopyFiles */,
			);
			runOnlyForDeploymentPostprocessing = 1;
		};
		D9F67B19275925F8007F45AF /* CopyFiles */ = {
			isa = PBXCopyFilesBuildPhase;
			buildActionMask = 8;
			dstPath = day01_swift/input.txt;
			dstSubfolderSpec = 16;
			files = (
				D93BDBA5275FCA3500E610F3 /* input.txt in CopyFiles */,
			);
			runOnlyForDeploymentPostprocessing = 1;
		};
		D9F67B2427592614007F45AF /* CopyFiles */ = {
			isa = PBXCopyFilesBuildPhase;
			buildActionMask = 2147483647;
			dstPath = "";
			dstSubfolderSpec = 16;
			files = (
				D93BDBA6275FCA3A00E610F3 /* input.txt in CopyFiles */,
			);
			runOnlyForDeploymentPostprocessing = 1;
		};
		D9F67B2F275927EF007F45AF /* CopyFiles */ = {
			isa = PBXCopyFilesBuildPhase;
			buildActionMask = 2147483647;
			dstPath = "";
			dstSubfolderSpec = 16;
			files = (
				D93BDBA7275FCA3E00E610F3 /* input.txt in CopyFiles */,
			);
			runOnlyForDeploymentPostprocessing = 1;
		};
/* End PBXCopyFilesBuildPhase section */

/* Begin PBXFileReference section */
		D93BDB7C275E465600E610F3 /* day06_swift */ = {isa = PBXFileReference; explicitFileType = "compiled.mach-o.executable"; includeInIndex = 0; path = day06_swift; sourceTree = BUILT_PRODUCTS_DIR; };
		D93BDB7E275E465600E610F3 /* main.swift */ = {isa = PBXFileReference; lastKnownFileType = sourcecode.swift; path = main.swift; sourceTree = "<group>"; };
		D93BDB87275E4FE300E610F3 /* day07_swift */ = {isa = PBXFileReference; explicitFileType = "compiled.mach-o.executable"; includeInIndex = 0; path = day07_swift; sourceTree = BUILT_PRODUCTS_DIR; };
		D93BDB89275E4FE300E610F3 /* main.swift */ = {isa = PBXFileReference; lastKnownFileType = sourcecode.swift; path = main.swift; sourceTree = "<group>"; };
		D93BDB90275EB38900E610F3 /* input.txt */ = {isa = PBXFileReference; fileEncoding = 4; lastKnownFileType = text; path = input.txt; sourceTree = "<group>"; };
		D93BDB92275EB3C800E610F3 /* input.txt */ = {isa = PBXFileReference; fileEncoding = 4; lastKnownFileType = text; path = input.txt; sourceTree = "<group>"; };
		D93BDB93275EB3D500E610F3 /* input.txt */ = {isa = PBXFileReference; fileEncoding = 4; lastKnownFileType = text; path = input.txt; sourceTree = "<group>"; };
		D93BDB94275EB3DF00E610F3 /* input.txt */ = {isa = PBXFileReference; fileEncoding = 4; lastKnownFileType = text; path = input.txt; sourceTree = "<group>"; };
		D93BDB95275EB3E800E610F3 /* input.txt */ = {isa = PBXFileReference; fileEncoding = 4; lastKnownFileType = text; path = input.txt; sourceTree = "<group>"; };
		D93BDB96275EB3F600E610F3 /* input.txt */ = {isa = PBXFileReference; fileEncoding = 4; lastKnownFileType = text; path = input.txt; sourceTree = "<group>"; };
		D93BDB97275F94C400E610F3 /* input.txt */ = {isa = PBXFileReference; fileEncoding = 4; lastKnownFileType = text; path = input.txt; sourceTree = "<group>"; };
		D93BDB9D275F964E00E610F3 /* day08_swift */ = {isa = PBXFileReference; explicitFileType = "compiled.mach-o.executable"; includeInIndex = 0; path = day08_swift; sourceTree = BUILT_PRODUCTS_DIR; };
		D93BDB9F275F964E00E610F3 /* main.swift */ = {isa = PBXFileReference; lastKnownFileType = sourcecode.swift; path = main.swift; sourceTree = "<group>"; };
		D9AB01E727615F8C00D5CE74 /* day09_swift */ = {isa = PBXFileReference; explicitFileType = "compiled.mach-o.executable"; includeInIndex = 0; path = day09_swift; sourceTree = BUILT_PRODUCTS_DIR; };
		D9AB01E927615F8D00D5CE74 /* main.swift */ = {isa = PBXFileReference; lastKnownFileType = sourcecode.swift; path = main.swift; sourceTree = "<group>"; };
		D9AB01EE2762370000D5CE74 /* input.txt */ = {isa = PBXFileReference; fileEncoding = 4; lastKnownFileType = text; path = input.txt; sourceTree = "<group>"; };
		D9AB01EF276354C400D5CE74 /* input.txt */ = {isa = PBXFileReference; fileEncoding = 4; lastKnownFileType = text; path = input.txt; sourceTree = "<group>"; };
		D9AB01FF276354F000D5CE74 /* day10_swift */ = {isa = PBXFileReference; explicitFileType = "compiled.mach-o.executable"; includeInIndex = 0; path = day10_swift; sourceTree = BUILT_PRODUCTS_DIR; };
		D9AB0201276354F000D5CE74 /* main.swift */ = {isa = PBXFileReference; lastKnownFileType = sourcecode.swift; path = main.swift; sourceTree = "<group>"; };
		D9AB02062763941D00D5CE74 /* input.txt */ = {isa = PBXFileReference; fileEncoding = 4; lastKnownFileType = text; path = input.txt; sourceTree = "<group>"; };
		D9D37B59275CDE7F005713C6 /* day05_swift */ = {isa = PBXFileReference; explicitFileType = "compiled.mach-o.executable"; includeInIndex = 0; path = day05_swift; sourceTree = BUILT_PRODUCTS_DIR; };
		D9D37B5B275CDE7F005713C6 /* main.swift */ = {isa = PBXFileReference; lastKnownFileType = sourcecode.swift; path = main.swift; sourceTree = "<group>"; };
		D9E905A9275B9EE0003E0A98 /* day04_swift */ = {isa = PBXFileReference; explicitFileType = "compiled.mach-o.executable"; includeInIndex = 0; path = day04_swift; sourceTree = BUILT_PRODUCTS_DIR; };
		D9E905AB275B9EE0003E0A98 /* main.swift */ = {isa = PBXFileReference; lastKnownFileType = sourcecode.swift; path = main.swift; sourceTree = "<group>"; };
		D9F67AE32759233A007F45AF /* main.swift */ = {isa = PBXFileReference; fileEncoding = 4; lastKnownFileType = sourcecode.swift; path = main.swift; sourceTree = "<group>"; };
		D9F67AE62759233A007F45AF /* main.swift */ = {isa = PBXFileReference; fileEncoding = 4; lastKnownFileType = sourcecode.swift; path = main.swift; sourceTree = "<group>"; };
		D9F67B1B275925F8007F45AF /* day01_swift */ = {isa = PBXFileReference; explicitFileType = "compiled.mach-o.executable"; includeInIndex = 0; path = day01_swift; sourceTree = BUILT_PRODUCTS_DIR; };
		D9F67B2627592614007F45AF /* day02_swift */ = {isa = PBXFileReference; explicitFileType = "compiled.mach-o.executable"; includeInIndex = 0; path = day02_swift; sourceTree = BUILT_PRODUCTS_DIR; };
		D9F67B31275927EF007F45AF /* day03_swift */ = {isa = PBXFileReference; explicitFileType = "compiled.mach-o.executable"; includeInIndex = 0; path = day03_swift; sourceTree = BUILT_PRODUCTS_DIR; };
		D9F67B3A27592AC9007F45AF /* main.swift */ = {isa = PBXFileReference; fileEncoding = 4; lastKnownFileType = sourcecode.swift; path = main.swift; sourceTree = "<group>"; };
/* End PBXFileReference section */

/* Begin PBXFrameworksBuildPhase section */
		D93BDB79275E465600E610F3 /* Frameworks */ = {
			isa = PBXFrameworksBuildPhase;
			buildActionMask = 2147483647;
			files = (
			);
			runOnlyForDeploymentPostprocessing = 0;
		};
		D93BDB84275E4FE300E610F3 /* Frameworks */ = {
			isa = PBXFrameworksBuildPhase;
			buildActionMask = 2147483647;
			files = (
			);
			runOnlyForDeploymentPostprocessing = 0;
		};
		D93BDB9A275F964E00E610F3 /* Frameworks */ = {
			isa = PBXFrameworksBuildPhase;
			buildActionMask = 2147483647;
			files = (
			);
			runOnlyForDeploymentPostprocessing = 0;
		};
		D9AB01E427615F8C00D5CE74 /* Frameworks */ = {
			isa = PBXFrameworksBuildPhase;
			buildActionMask = 2147483647;
			files = (
			);
			runOnlyForDeploymentPostprocessing = 0;
		};
		D9AB01FC276354F000D5CE74 /* Frameworks */ = {
			isa = PBXFrameworksBuildPhase;
			buildActionMask = 2147483647;
			files = (
			);
			runOnlyForDeploymentPostprocessing = 0;
		};
		D9D37B56275CDE7F005713C6 /* Frameworks */ = {
			isa = PBXFrameworksBuildPhase;
			buildActionMask = 2147483647;
			files = (
			);
			runOnlyForDeploymentPostprocessing = 0;
		};
		D9E905A6275B9EE0003E0A98 /* Frameworks */ = {
			isa = PBXFrameworksBuildPhase;
			buildActionMask = 2147483647;
			files = (
			);
			runOnlyForDeploymentPostprocessing = 0;
		};
		D9F67B18275925F8007F45AF /* Frameworks */ = {
			isa = PBXFrameworksBuildPhase;
			buildActionMask = 2147483647;
			files = (
			);
			runOnlyForDeploymentPostprocessing = 0;
		};
		D9F67B2327592614007F45AF /* Frameworks */ = {
			isa = PBXFrameworksBuildPhase;
			buildActionMask = 2147483647;
			files = (
			);
			runOnlyForDeploymentPostprocessing = 0;
		};
		D9F67B2E275927EF007F45AF /* Frameworks */ = {
			isa = PBXFrameworksBuildPhase;
			buildActionMask = 2147483647;
			files = (
			);
			runOnlyForDeploymentPostprocessing = 0;
		};
/* End PBXFrameworksBuildPhase section */

/* Begin PBXGroup section */
		D93BDB7D275E465600E610F3 /* day06_swift */ = {
			isa = PBXGroup;
			children = (
				D93BDB96275EB3F600E610F3 /* input.txt */,
				D93BDB7E275E465600E610F3 /* main.swift */,
			);
			path = day06_swift;
			sourceTree = "<group>";
		};
		D93BDB88275E4FE300E610F3 /* day07_swift */ = {
			isa = PBXGroup;
			children = (
				D93BDB97275F94C400E610F3 /* input.txt */,
				D93BDB89275E4FE300E610F3 /* main.swift */,
			);
			path = day07_swift;
			sourceTree = "<group>";
		};
		D93BDB9E275F964E00E610F3 /* day08_swift */ = {
			isa = PBXGroup;
			children = (
				D9AB01EE2762370000D5CE74 /* input.txt */,
				D93BDB9F275F964E00E610F3 /* main.swift */,
			);
			path = day08_swift;
			sourceTree = "<group>";
		};
		D9AB01E827615F8D00D5CE74 /* day09_swift */ = {
			isa = PBXGroup;
			children = (
				D9AB01EF276354C400D5CE74 /* input.txt */,
				D9AB01E927615F8D00D5CE74 /* main.swift */,
			);
			path = day09_swift;
			sourceTree = "<group>";
		};
		D9AB0200276354F000D5CE74 /* day10_swift */ = {
			isa = PBXGroup;
			children = (
				D9AB02062763941D00D5CE74 /* input.txt */,
				D9AB0201276354F000D5CE74 /* main.swift */,
			);
			path = day10_swift;
			sourceTree = "<group>";
		};
		D9D37B5A275CDE7F005713C6 /* day05_swift */ = {
			isa = PBXGroup;
			children = (
				D93BDB95275EB3E800E610F3 /* input.txt */,
				D9D37B5B275CDE7F005713C6 /* main.swift */,
			);
			path = day05_swift;
			sourceTree = "<group>";
		};
		D9E905AA275B9EE0003E0A98 /* day04_swift */ = {
			isa = PBXGroup;
			children = (
				D93BDB94275EB3DF00E610F3 /* input.txt */,
				D9E905AB275B9EE0003E0A98 /* main.swift */,
			);
			path = day04_swift;
			sourceTree = "<group>";
		};
		D9F67ACE275922BC007F45AF = {
			isa = PBXGroup;
			children = (
				D9F67AE12759233A007F45AF /* day01_swift */,
				D9F67AE42759233A007F45AF /* day02_swift */,
				D9F67B32275927EF007F45AF /* day03_swift */,
				D9E905AA275B9EE0003E0A98 /* day04_swift */,
				D9D37B5A275CDE7F005713C6 /* day05_swift */,
				D93BDB7D275E465600E610F3 /* day06_swift */,
				D93BDB88275E4FE300E610F3 /* day07_swift */,
				D93BDB9E275F964E00E610F3 /* day08_swift */,
				D9AB01E827615F8D00D5CE74 /* day09_swift */,
				D9AB0200276354F000D5CE74 /* day10_swift */,
				D9F67AD8275922BC007F45AF /* Products */,
			);
			sourceTree = "<group>";
		};
		D9F67AD8275922BC007F45AF /* Products */ = {
			isa = PBXGroup;
			children = (
				D9F67B1B275925F8007F45AF /* day01_swift */,
				D9F67B2627592614007F45AF /* day02_swift */,
				D9F67B31275927EF007F45AF /* day03_swift */,
				D9E905A9275B9EE0003E0A98 /* day04_swift */,
				D9D37B59275CDE7F005713C6 /* day05_swift */,
				D93BDB7C275E465600E610F3 /* day06_swift */,
				D93BDB87275E4FE300E610F3 /* day07_swift */,
				D93BDB9D275F964E00E610F3 /* day08_swift */,
				D9AB01E727615F8C00D5CE74 /* day09_swift */,
				D9AB01FF276354F000D5CE74 /* day10_swift */,
			);
			name = Products;
			sourceTree = "<group>";
		};
		D9F67AE12759233A007F45AF /* day01_swift */ = {
			isa = PBXGroup;
			children = (
				D93BDB92275EB3C800E610F3 /* input.txt */,
				D9F67AE32759233A007F45AF /* main.swift */,
			);
			path = day01_swift;
			sourceTree = "<group>";
		};
		D9F67AE42759233A007F45AF /* day02_swift */ = {
			isa = PBXGroup;
			children = (
				D93BDB90275EB38900E610F3 /* input.txt */,
				D9F67AE62759233A007F45AF /* main.swift */,
			);
			path = day02_swift;
			sourceTree = "<group>";
		};
		D9F67B32275927EF007F45AF /* day03_swift */ = {
			isa = PBXGroup;
			children = (
				D93BDB93275EB3D500E610F3 /* input.txt */,
				D9F67B3A27592AC9007F45AF /* main.swift */,
			);
			path = day03_swift;
			sourceTree = "<group>";
		};
/* End PBXGroup section */

/* Begin PBXNativeTarget section */
		D93BDB7B275E465600E610F3 /* day06_swift */ = {
			isa = PBXNativeTarget;
			buildConfigurationList = D93BDB82275E465600E610F3 /* Build configuration list for PBXNativeTarget "day06_swift" */;
			buildPhases = (
				D93BDB78275E465600E610F3 /* Sources */,
				D93BDB79275E465600E610F3 /* Frameworks */,
				D93BDB7A275E465600E610F3 /* CopyFiles */,
			);
			buildRules = (
			);
			dependencies = (
			);
			name = day06_swift;
			productName = day06_swift;
			productReference = D93BDB7C275E465600E610F3 /* day06_swift */;
			productType = "com.apple.product-type.tool";
		};
		D93BDB86275E4FE300E610F3 /* day07_swift */ = {
			isa = PBXNativeTarget;
			buildConfigurationList = D93BDB8B275E4FE300E610F3 /* Build configuration list for PBXNativeTarget "day07_swift" */;
			buildPhases = (
				D93BDB83275E4FE300E610F3 /* Sources */,
				D93BDB84275E4FE300E610F3 /* Frameworks */,
				D93BDB85275E4FE300E610F3 /* CopyFiles */,
			);
			buildRules = (
			);
			dependencies = (
			);
			name = day07_swift;
			productName = day07_swift;
			productReference = D93BDB87275E4FE300E610F3 /* day07_swift */;
			productType = "com.apple.product-type.tool";
		};
		D93BDB9C275F964E00E610F3 /* day08_swift */ = {
			isa = PBXNativeTarget;
			buildConfigurationList = D93BDBA1275F964E00E610F3 /* Build configuration list for PBXNativeTarget "day08_swift" */;
			buildPhases = (
				D93BDB99275F964E00E610F3 /* Sources */,
				D93BDB9A275F964E00E610F3 /* Frameworks */,
				D93BDB9B275F964E00E610F3 /* CopyFiles */,
			);
			buildRules = (
			);
			dependencies = (
			);
			name = day08_swift;
			productName = day08_swift;
			productReference = D93BDB9D275F964E00E610F3 /* day08_swift */;
			productType = "com.apple.product-type.tool";
		};
		D9AB01E627615F8C00D5CE74 /* day09_swift */ = {
			isa = PBXNativeTarget;
			buildConfigurationList = D9AB01ED27615F8D00D5CE74 /* Build configuration list for PBXNativeTarget "day09_swift" */;
			buildPhases = (
				D9AB01E327615F8C00D5CE74 /* Sources */,
				D9AB01E427615F8C00D5CE74 /* Frameworks */,
				D9AB01E527615F8C00D5CE74 /* CopyFiles */,
			);
			buildRules = (
			);
			dependencies = (
			);
			name = day09_swift;
			productName = day09_swift;
			productReference = D9AB01E727615F8C00D5CE74 /* day09_swift */;
			productType = "com.apple.product-type.tool";
		};
		D9AB01FE276354F000D5CE74 /* day10_swift */ = {
			isa = PBXNativeTarget;
			buildConfigurationList = D9AB0203276354F000D5CE74 /* Build configuration list for PBXNativeTarget "day10_swift" */;
			buildPhases = (
				D9AB01FB276354F000D5CE74 /* Sources */,
				D9AB01FC276354F000D5CE74 /* Frameworks */,
				D9AB01FD276354F000D5CE74 /* CopyFiles */,
			);
			buildRules = (
			);
			dependencies = (
			);
			name = day10_swift;
			productName = day10_swift;
			productReference = D9AB01FF276354F000D5CE74 /* day10_swift */;
			productType = "com.apple.product-type.tool";
		};
		D9D37B58275CDE7F005713C6 /* day05_swift */ = {
			isa = PBXNativeTarget;
			buildConfigurationList = D9D37B5F275CDE7F005713C6 /* Build configuration list for PBXNativeTarget "day05_swift" */;
			buildPhases = (
				D9D37B55275CDE7F005713C6 /* Sources */,
				D9D37B56275CDE7F005713C6 /* Frameworks */,
				D9D37B57275CDE7F005713C6 /* CopyFiles */,
			);
			buildRules = (
			);
			dependencies = (
			);
			name = day05_swift;
			productName = day05_swift;
			productReference = D9D37B59275CDE7F005713C6 /* day05_swift */;
			productType = "com.apple.product-type.tool";
		};
		D9E905A8275B9EE0003E0A98 /* day04_swift */ = {
			isa = PBXNativeTarget;
			buildConfigurationList = D9E905AF275B9EE0003E0A98 /* Build configuration list for PBXNativeTarget "day04_swift" */;
			buildPhases = (
				D9E905A5275B9EE0003E0A98 /* Sources */,
				D9E905A6275B9EE0003E0A98 /* Frameworks */,
				D9E905A7275B9EE0003E0A98 /* CopyFiles */,
			);
			buildRules = (
			);
			dependencies = (
			);
			name = day04_swift;
			productName = day04_swift;
			productReference = D9E905A9275B9EE0003E0A98 /* day04_swift */;
			productType = "com.apple.product-type.tool";
		};
		D9F67B1A275925F8007F45AF /* day01_swift */ = {
			isa = PBXNativeTarget;
			buildConfigurationList = D9F67B1F275925F8007F45AF /* Build configuration list for PBXNativeTarget "day01_swift" */;
			buildPhases = (
				D9F67B17275925F8007F45AF /* Sources */,
				D9F67B18275925F8007F45AF /* Frameworks */,
				D9F67B19275925F8007F45AF /* CopyFiles */,
			);
			buildRules = (
			);
			dependencies = (
			);
			name = day01_swift;
			productName = day01_swift;
			productReference = D9F67B1B275925F8007F45AF /* day01_swift */;
			productType = "com.apple.product-type.tool";
		};
		D9F67B2527592614007F45AF /* day02_swift */ = {
			isa = PBXNativeTarget;
			buildConfigurationList = D9F67B2A27592614007F45AF /* Build configuration list for PBXNativeTarget "day02_swift" */;
			buildPhases = (
				D9F67B2227592614007F45AF /* Sources */,
				D9F67B2327592614007F45AF /* Frameworks */,
				D9F67B2427592614007F45AF /* CopyFiles */,
			);
			buildRules = (
			);
			dependencies = (
			);
			name = day02_swift;
			productName = day02_swift;
			productReference = D9F67B2627592614007F45AF /* day02_swift */;
			productType = "com.apple.product-type.tool";
		};
		D9F67B30275927EF007F45AF /* day03_swift */ = {
			isa = PBXNativeTarget;
			buildConfigurationList = D9F67B35275927EF007F45AF /* Build configuration list for PBXNativeTarget "day03_swift" */;
			buildPhases = (
				D9F67B2D275927EF007F45AF /* Sources */,
				D9F67B2E275927EF007F45AF /* Frameworks */,
				D9F67B2F275927EF007F45AF /* CopyFiles */,
			);
			buildRules = (
			);
			dependencies = (
			);
			name = day03_swift;
			productName = day03_swift;
			productReference = D9F67B31275927EF007F45AF /* day03_swift */;
			productType = "com.apple.product-type.tool";
		};
/* End PBXNativeTarget section */

/* Begin PBXProject section */
		D9F67ACF275922BC007F45AF /* Project object */ = {
			isa = PBXProject;
			attributes = {
				BuildIndependentTargetsInParallel = 1;
				LastSwiftUpdateCheck = 1310;
				LastUpgradeCheck = 1310;
				TargetAttributes = {
					D93BDB7B275E465600E610F3 = {
						CreatedOnToolsVersion = 13.1;
					};
					D93BDB86275E4FE300E610F3 = {
						CreatedOnToolsVersion = 13.1;
					};
					D93BDB9C275F964E00E610F3 = {
						CreatedOnToolsVersion = 13.1;
					};
					D9AB01E627615F8C00D5CE74 = {
						CreatedOnToolsVersion = 13.1;
					};
					D9AB01FE276354F000D5CE74 = {
						CreatedOnToolsVersion = 13.1;
					};
					D9D37B58275CDE7F005713C6 = {
						CreatedOnToolsVersion = 13.1;
					};
					D9E905A8275B9EE0003E0A98 = {
						CreatedOnToolsVersion = 13.1;
					};
					D9F67B1A275925F8007F45AF = {
						CreatedOnToolsVersion = 13.1;
					};
					D9F67B2527592614007F45AF = {
						CreatedOnToolsVersion = 13.1;
					};
					D9F67B30275927EF007F45AF = {
						CreatedOnToolsVersion = 13.1;
					};
				};
			};
			buildConfigurationList = D9F67AD2275922BC007F45AF /* Build configuration list for PBXProject "AdventOfCode2021" */;
			compatibilityVersion = "Xcode 13.0";
			developmentRegion = en;
			hasScannedForEncodings = 0;
			knownRegions = (
				en,
				Base,
			);
			mainGroup = D9F67ACE275922BC007F45AF;
			productRefGroup = D9F67AD8275922BC007F45AF /* Products */;
			projectDirPath = "";
			projectRoot = "";
			targets = (
				D9F67B1A275925F8007F45AF /* day01_swift */,
				D9F67B2527592614007F45AF /* day02_swift */,
				D9F67B30275927EF007F45AF /* day03_swift */,
				D9E905A8275B9EE0003E0A98 /* day04_swift */,
				D9D37B58275CDE7F005713C6 /* day05_swift */,
				D93BDB7B275E465600E610F3 /* day06_swift */,
				D93BDB86275E4FE300E610F3 /* day07_swift */,
				D93BDB9C275F964E00E610F3 /* day08_swift */,
				D9AB01E627615F8C00D5CE74 /* day09_swift */,
				D9AB01FE276354F000D5CE74 /* day10_swift */,
			);
		};
/* End PBXProject section */

/* Begin PBXSourcesBuildPhase section */
		D93BDB78275E465600E610F3 /* Sources */ = {
			isa = PBXSourcesBuildPhase;
			buildActionMask = 2147483647;
			files = (
				D93BDB7F275E465600E610F3 /* main.swift in Sources */,
			);
			runOnlyForDeploymentPostprocessing = 0;
		};
		D93BDB83275E4FE300E610F3 /* Sources */ = {
			isa = PBXSourcesBuildPhase;
			buildActionMask = 2147483647;
			files = (
				D93BDB8A275E4FE300E610F3 /* main.swift in Sources */,
			);
			runOnlyForDeploymentPostprocessing = 0;
		};
		D93BDB99275F964E00E610F3 /* Sources */ = {
			isa = PBXSourcesBuildPhase;
			buildActionMask = 2147483647;
			files = (
				D93BDBA0275F964E00E610F3 /* main.swift in Sources */,
			);
			runOnlyForDeploymentPostprocessing = 0;
		};
		D9AB01E327615F8C00D5CE74 /* Sources */ = {
			isa = PBXSourcesBuildPhase;
			buildActionMask = 2147483647;
			files = (
				D9AB01EA27615F8D00D5CE74 /* main.swift in Sources */,
			);
			runOnlyForDeploymentPostprocessing = 0;
		};
		D9AB01FB276354F000D5CE74 /* Sources */ = {
			isa = PBXSourcesBuildPhase;
			buildActionMask = 2147483647;
			files = (
				D9AB0202276354F000D5CE74 /* main.swift in Sources */,
			);
			runOnlyForDeploymentPostprocessing = 0;
		};
		D9D37B55275CDE7F005713C6 /* Sources */ = {
			isa = PBXSourcesBuildPhase;
			buildActionMask = 2147483647;
			files = (
				D9D37B5C275CDE7F005713C6 /* main.swift in Sources */,
			);
			runOnlyForDeploymentPostprocessing = 0;
		};
		D9E905A5275B9EE0003E0A98 /* Sources */ = {
			isa = PBXSourcesBuildPhase;
			buildActionMask = 2147483647;
			files = (
				D9E905AC275B9EE0003E0A98 /* main.swift in Sources */,
			);
			runOnlyForDeploymentPostprocessing = 0;
		};
		D9F67B17275925F8007F45AF /* Sources */ = {
			isa = PBXSourcesBuildPhase;
			buildActionMask = 2147483647;
			files = (
				D94BCC5D27592C0900A53207 /* main.swift in Sources */,
			);
			runOnlyForDeploymentPostprocessing = 0;
		};
		D9F67B2227592614007F45AF /* Sources */ = {
			isa = PBXSourcesBuildPhase;
			buildActionMask = 2147483647;
			files = (
				D94BCC5C27592C0200A53207 /* main.swift in Sources */,
			);
			runOnlyForDeploymentPostprocessing = 0;
		};
		D9F67B2D275927EF007F45AF /* Sources */ = {
			isa = PBXSourcesBuildPhase;
			buildActionMask = 2147483647;
			files = (
				D9F67B3B27592AC9007F45AF /* main.swift in Sources */,
			);
			runOnlyForDeploymentPostprocessing = 0;
		};
/* End PBXSourcesBuildPhase section */

/* Begin XCBuildConfiguration section */
		D93BDB80275E465600E610F3 /* Debug */ = {
			isa = XCBuildConfiguration;
			buildSettings = {
				CODE_SIGN_STYLE = Automatic;
				DEVELOPMENT_TEAM = JX2H5FWC6T;
				ENABLE_HARDENED_RUNTIME = YES;
				PRODUCT_NAME = "$(TARGET_NAME)";
				SWIFT_VERSION = 5.0;
			};
			name = Debug;
		};
		D93BDB81275E465600E610F3 /* Release */ = {
			isa = XCBuildConfiguration;
			buildSettings = {
				CODE_SIGN_STYLE = Automatic;
				DEVELOPMENT_TEAM = JX2H5FWC6T;
				ENABLE_HARDENED_RUNTIME = YES;
				PRODUCT_NAME = "$(TARGET_NAME)";
				SWIFT_VERSION = 5.0;
			};
			name = Release;
		};
		D93BDB8C275E4FE300E610F3 /* Debug */ = {
			isa = XCBuildConfiguration;
			buildSettings = {
				CODE_SIGN_STYLE = Automatic;
				DEVELOPMENT_ASSET_PATHS = day07_swift/input.txt;
				DEVELOPMENT_TEAM = JX2H5FWC6T;
				ENABLE_HARDENED_RUNTIME = YES;
				PRODUCT_NAME = "$(TARGET_NAME)";
				SWIFT_VERSION = 5.0;
			};
			name = Debug;
		};
		D93BDB8D275E4FE300E610F3 /* Release */ = {
			isa = XCBuildConfiguration;
			buildSettings = {
				CODE_SIGN_STYLE = Automatic;
				DEVELOPMENT_ASSET_PATHS = day07_swift/input.txt;
				DEVELOPMENT_TEAM = JX2H5FWC6T;
				ENABLE_HARDENED_RUNTIME = YES;
				PRODUCT_NAME = "$(TARGET_NAME)";
				SWIFT_VERSION = 5.0;
			};
			name = Release;
		};
		D93BDBA2275F964E00E610F3 /* Debug */ = {
			isa = XCBuildConfiguration;
			buildSettings = {
				CODE_SIGN_STYLE = Automatic;
				DEVELOPMENT_TEAM = JX2H5FWC6T;
				ENABLE_HARDENED_RUNTIME = YES;
				PRODUCT_NAME = "$(TARGET_NAME)";
				SWIFT_VERSION = 5.0;
			};
			name = Debug;
		};
		D93BDBA3275F964E00E610F3 /* Release */ = {
			isa = XCBuildConfiguration;
			buildSettings = {
				CODE_SIGN_STYLE = Automatic;
				DEVELOPMENT_TEAM = JX2H5FWC6T;
				ENABLE_HARDENED_RUNTIME = YES;
				PRODUCT_NAME = "$(TARGET_NAME)";
				SWIFT_VERSION = 5.0;
			};
			name = Release;
		};
		D9AB01EB27615F8D00D5CE74 /* Debug */ = {
			isa = XCBuildConfiguration;
			buildSettings = {
				CODE_SIGN_STYLE = Automatic;
				DEVELOPMENT_TEAM = JX2H5FWC6T;
				ENABLE_HARDENED_RUNTIME = YES;
				PRODUCT_NAME = "$(TARGET_NAME)";
				SWIFT_VERSION = 5.0;
			};
			name = Debug;
		};
		D9AB01EC27615F8D00D5CE74 /* Release */ = {
			isa = XCBuildConfiguration;
			buildSettings = {
				CODE_SIGN_STYLE = Automatic;
				DEVELOPMENT_TEAM = JX2H5FWC6T;
				ENABLE_HARDENED_RUNTIME = YES;
				PRODUCT_NAME = "$(TARGET_NAME)";
				SWIFT_VERSION = 5.0;
			};
			name = Release;
		};
		D9AB0204276354F000D5CE74 /* Debug */ = {
			isa = XCBuildConfiguration;
			buildSettings = {
				CODE_SIGN_STYLE = Automatic;
				DEVELOPMENT_TEAM = JX2H5FWC6T;
				ENABLE_HARDENED_RUNTIME = YES;
				PRODUCT_NAME = "$(TARGET_NAME)";
				SWIFT_VERSION = 5.0;
			};
			name = Debug;
		};
		D9AB0205276354F000D5CE74 /* Release */ = {
			isa = XCBuildConfiguration;
			buildSettings = {
				CODE_SIGN_STYLE = Automatic;
				DEVELOPMENT_TEAM = JX2H5FWC6T;
				ENABLE_HARDENED_RUNTIME = YES;
				PRODUCT_NAME = "$(TARGET_NAME)";
				SWIFT_VERSION = 5.0;
			};
			name = Release;
		};
		D9D37B5D275CDE7F005713C6 /* Debug */ = {
			isa = XCBuildConfiguration;
			buildSettings = {
				CODE_SIGN_STYLE = Automatic;
				DEVELOPMENT_TEAM = JX2H5FWC6T;
				ENABLE_HARDENED_RUNTIME = YES;
				PRODUCT_NAME = "$(TARGET_NAME)";
				SWIFT_VERSION = 5.0;
			};
			name = Debug;
		};
		D9D37B5E275CDE7F005713C6 /* Release */ = {
			isa = XCBuildConfiguration;
			buildSettings = {
				CODE_SIGN_STYLE = Automatic;
				DEVELOPMENT_TEAM = JX2H5FWC6T;
				ENABLE_HARDENED_RUNTIME = YES;
				PRODUCT_NAME = "$(TARGET_NAME)";
				SWIFT_VERSION = 5.0;
			};
			name = Release;
		};
		D9E905AD275B9EE0003E0A98 /* Debug */ = {
			isa = XCBuildConfiguration;
			buildSettings = {
				CODE_SIGN_STYLE = Automatic;
				DEVELOPMENT_TEAM = JX2H5FWC6T;
				ENABLE_HARDENED_RUNTIME = YES;
				PRODUCT_NAME = "$(TARGET_NAME)";
				SWIFT_VERSION = 5.0;
			};
			name = Debug;
		};
		D9E905AE275B9EE0003E0A98 /* Release */ = {
			isa = XCBuildConfiguration;
			buildSettings = {
				CODE_SIGN_STYLE = Automatic;
				DEVELOPMENT_TEAM = JX2H5FWC6T;
				ENABLE_HARDENED_RUNTIME = YES;
				PRODUCT_NAME = "$(TARGET_NAME)";
				SWIFT_VERSION = 5.0;
			};
			name = Release;
		};
		D9F67ADC275922BC007F45AF /* Debug */ = {
			isa = XCBuildConfiguration;
			buildSettings = {
				ALWAYS_SEARCH_USER_PATHS = NO;
				CLANG_ANALYZER_NONNULL = YES;
				CLANG_ANALYZER_NUMBER_OBJECT_CONVERSION = YES_AGGRESSIVE;
				CLANG_CXX_LANGUAGE_STANDARD = "gnu++17";
				CLANG_CXX_LIBRARY = "libc++";
				CLANG_ENABLE_MODULES = YES;
				CLANG_ENABLE_OBJC_ARC = YES;
				CLANG_ENABLE_OBJC_WEAK = YES;
				CLANG_WARN_BLOCK_CAPTURE_AUTORELEASING = YES;
				CLANG_WARN_BOOL_CONVERSION = YES;
				CLANG_WARN_COMMA = YES;
				CLANG_WARN_CONSTANT_CONVERSION = YES;
				CLANG_WARN_DEPRECATED_OBJC_IMPLEMENTATIONS = YES;
				CLANG_WARN_DIRECT_OBJC_ISA_USAGE = YES_ERROR;
				CLANG_WARN_DOCUMENTATION_COMMENTS = YES;
				CLANG_WARN_EMPTY_BODY = YES;
				CLANG_WARN_ENUM_CONVERSION = YES;
				CLANG_WARN_INFINITE_RECURSION = YES;
				CLANG_WARN_INT_CONVERSION = YES;
				CLANG_WARN_NON_LITERAL_NULL_CONVERSION = YES;
				CLANG_WARN_OBJC_IMPLICIT_RETAIN_SELF = YES;
				CLANG_WARN_OBJC_LITERAL_CONVERSION = YES;
				CLANG_WARN_OBJC_ROOT_CLASS = YES_ERROR;
				CLANG_WARN_QUOTED_INCLUDE_IN_FRAMEWORK_HEADER = YES;
				CLANG_WARN_RANGE_LOOP_ANALYSIS = YES;
				CLANG_WARN_STRICT_PROTOTYPES = YES;
				CLANG_WARN_SUSPICIOUS_MOVE = YES;
				CLANG_WARN_UNGUARDED_AVAILABILITY = YES_AGGRESSIVE;
				CLANG_WARN_UNREACHABLE_CODE = YES;
				CLANG_WARN__DUPLICATE_METHOD_MATCH = YES;
				COPY_PHASE_STRIP = NO;
				DEBUG_INFORMATION_FORMAT = dwarf;
				ENABLE_STRICT_OBJC_MSGSEND = YES;
				ENABLE_TESTABILITY = YES;
				GCC_C_LANGUAGE_STANDARD = gnu11;
				GCC_DYNAMIC_NO_PIC = NO;
				GCC_NO_COMMON_BLOCKS = YES;
				GCC_OPTIMIZATION_LEVEL = 0;
				GCC_PREPROCESSOR_DEFINITIONS = (
					"DEBUG=1",
					"$(inherited)",
				);
				GCC_WARN_64_TO_32_BIT_CONVERSION = YES;
				GCC_WARN_ABOUT_RETURN_TYPE = YES_ERROR;
				GCC_WARN_UNDECLARED_SELECTOR = YES;
				GCC_WARN_UNINITIALIZED_AUTOS = YES_AGGRESSIVE;
				GCC_WARN_UNUSED_FUNCTION = YES;
				GCC_WARN_UNUSED_VARIABLE = YES;
				MACOSX_DEPLOYMENT_TARGET = 12.0;
				MTL_ENABLE_DEBUG_INFO = INCLUDE_SOURCE;
				MTL_FAST_MATH = YES;
				ONLY_ACTIVE_ARCH = YES;
				SDKROOT = macosx;
				SWIFT_ACTIVE_COMPILATION_CONDITIONS = DEBUG;
				SWIFT_OPTIMIZATION_LEVEL = "-Onone";
			};
			name = Debug;
		};
		D9F67ADD275922BC007F45AF /* Release */ = {
			isa = XCBuildConfiguration;
			buildSettings = {
				ALWAYS_SEARCH_USER_PATHS = NO;
				CLANG_ANALYZER_NONNULL = YES;
				CLANG_ANALYZER_NUMBER_OBJECT_CONVERSION = YES_AGGRESSIVE;
				CLANG_CXX_LANGUAGE_STANDARD = "gnu++17";
				CLANG_CXX_LIBRARY = "libc++";
				CLANG_ENABLE_MODULES = YES;
				CLANG_ENABLE_OBJC_ARC = YES;
				CLANG_ENABLE_OBJC_WEAK = YES;
				CLANG_WARN_BLOCK_CAPTURE_AUTORELEASING = YES;
				CLANG_WARN_BOOL_CONVERSION = YES;
				CLANG_WARN_COMMA = YES;
				CLANG_WARN_CONSTANT_CONVERSION = YES;
				CLANG_WARN_DEPRECATED_OBJC_IMPLEMENTATIONS = YES;
				CLANG_WARN_DIRECT_OBJC_ISA_USAGE = YES_ERROR;
				CLANG_WARN_DOCUMENTATION_COMMENTS = YES;
				CLANG_WARN_EMPTY_BODY = YES;
				CLANG_WARN_ENUM_CONVERSION = YES;
				CLANG_WARN_INFINITE_RECURSION = YES;
				CLANG_WARN_INT_CONVERSION = YES;
				CLANG_WARN_NON_LITERAL_NULL_CONVERSION = YES;
				CLANG_WARN_OBJC_IMPLICIT_RETAIN_SELF = YES;
				CLANG_WARN_OBJC_LITERAL_CONVERSION = YES;
				CLANG_WARN_OBJC_ROOT_CLASS = YES_ERROR;
				CLANG_WARN_QUOTED_INCLUDE_IN_FRAMEWORK_HEADER = YES;
				CLANG_WARN_RANGE_LOOP_ANALYSIS = YES;
				CLANG_WARN_STRICT_PROTOTYPES = YES;
				CLANG_WARN_SUSPICIOUS_MOVE = YES;
				CLANG_WARN_UNGUARDED_AVAILABILITY = YES_AGGRESSIVE;
				CLANG_WARN_UNREACHABLE_CODE = YES;
				CLANG_WARN__DUPLICATE_METHOD_MATCH = YES;
				COPY_PHASE_STRIP = NO;
				DEBUG_INFORMATION_FORMAT = "dwarf-with-dsym";
				ENABLE_NS_ASSERTIONS = NO;
				ENABLE_STRICT_OBJC_MSGSEND = YES;
				GCC_C_LANGUAGE_STANDARD = gnu11;
				GCC_NO_COMMON_BLOCKS = YES;
				GCC_WARN_64_TO_32_BIT_CONVERSION = YES;
				GCC_WARN_ABOUT_RETURN_TYPE = YES_ERROR;
				GCC_WARN_UNDECLARED_SELECTOR = YES;
				GCC_WARN_UNINITIALIZED_AUTOS = YES_AGGRESSIVE;
				GCC_WARN_UNUSED_FUNCTION = YES;
				GCC_WARN_UNUSED_VARIABLE = YES;
				MACOSX_DEPLOYMENT_TARGET = 12.0;
				MTL_ENABLE_DEBUG_INFO = NO;
				MTL_FAST_MATH = YES;
				SDKROOT = macosx;
				SWIFT_COMPILATION_MODE = wholemodule;
				SWIFT_OPTIMIZATION_LEVEL = "-O";
			};
			name = Release;
		};
		D9F67B20275925F8007F45AF /* Debug */ = {
			isa = XCBuildConfiguration;
			buildSettings = {
				CODE_SIGN_STYLE = Automatic;
				DEVELOPMENT_TEAM = JX2H5FWC6T;
				ENABLE_HARDENED_RUNTIME = YES;
				PRODUCT_NAME = "$(TARGET_NAME)";
				SWIFT_VERSION = 5.0;
			};
			name = Debug;
		};
		D9F67B21275925F8007F45AF /* Release */ = {
			isa = XCBuildConfiguration;
			buildSettings = {
				CODE_SIGN_STYLE = Automatic;
				DEVELOPMENT_TEAM = JX2H5FWC6T;
				ENABLE_HARDENED_RUNTIME = YES;
				PRODUCT_NAME = "$(TARGET_NAME)";
				SWIFT_VERSION = 5.0;
			};
			name = Release;
		};
		D9F67B2B27592614007F45AF /* Debug */ = {
			isa = XCBuildConfiguration;
			buildSettings = {
				CODE_SIGN_STYLE = Automatic;
				DEVELOPMENT_TEAM = JX2H5FWC6T;
				ENABLE_HARDENED_RUNTIME = YES;
				PRODUCT_NAME = "$(TARGET_NAME)";
				SWIFT_VERSION = 5.0;
			};
			name = Debug;
		};
		D9F67B2C27592614007F45AF /* Release */ = {
			isa = XCBuildConfiguration;
			buildSettings = {
				CODE_SIGN_STYLE = Automatic;
				DEVELOPMENT_TEAM = JX2H5FWC6T;
				ENABLE_HARDENED_RUNTIME = YES;
				PRODUCT_NAME = "$(TARGET_NAME)";
				SWIFT_VERSION = 5.0;
			};
			name = Release;
		};
		D9F67B36275927EF007F45AF /* Debug */ = {
			isa = XCBuildConfiguration;
			buildSettings = {
				CODE_SIGN_STYLE = Automatic;
				DEVELOPMENT_TEAM = JX2H5FWC6T;
				ENABLE_HARDENED_RUNTIME = YES;
				PRODUCT_NAME = "$(TARGET_NAME)";
				SWIFT_VERSION = 5.0;
			};
			name = Debug;
		};
		D9F67B37275927EF007F45AF /* Release */ = {
			isa = XCBuildConfiguration;
			buildSettings = {
				CODE_SIGN_STYLE = Automatic;
				DEVELOPMENT_TEAM = JX2H5FWC6T;
				ENABLE_HARDENED_RUNTIME = YES;
				PRODUCT_NAME = "$(TARGET_NAME)";
				SWIFT_VERSION = 5.0;
			};
			name = Release;
		};
/* End XCBuildConfiguration section */

/* Begin XCConfigurationList section */
		D93BDB82275E465600E610F3 /* Build configuration list for PBXNativeTarget "day06_swift" */ = {
			isa = XCConfigurationList;
			buildConfigurations = (
				D93BDB80275E465600E610F3 /* Debug */,
				D93BDB81275E465600E610F3 /* Release */,
			);
			defaultConfigurationIsVisible = 0;
			defaultConfigurationName = Release;
		};
		D93BDB8B275E4FE300E610F3 /* Build configuration list for PBXNativeTarget "day07_swift" */ = {
			isa = XCConfigurationList;
			buildConfigurations = (
				D93BDB8C275E4FE300E610F3 /* Debug */,
				D93BDB8D275E4FE300E610F3 /* Release */,
			);
			defaultConfigurationIsVisible = 0;
			defaultConfigurationName = Release;
		};
		D93BDBA1275F964E00E610F3 /* Build configuration list for PBXNativeTarget "day08_swift" */ = {
			isa = XCConfigurationList;
			buildConfigurations = (
				D93BDBA2275F964E00E610F3 /* Debug */,
				D93BDBA3275F964E00E610F3 /* Release */,
			);
			defaultConfigurationIsVisible = 0;
			defaultConfigurationName = Release;
		};
		D9AB01ED27615F8D00D5CE74 /* Build configuration list for PBXNativeTarget "day09_swift" */ = {
			isa = XCConfigurationList;
			buildConfigurations = (
				D9AB01EB27615F8D00D5CE74 /* Debug */,
				D9AB01EC27615F8D00D5CE74 /* Release */,
			);
			defaultConfigurationIsVisible = 0;
			defaultConfigurationName = Release;
		};
		D9AB0203276354F000D5CE74 /* Build configuration list for PBXNativeTarget "day10_swift" */ = {
			isa = XCConfigurationList;
			buildConfigurations = (
				D9AB0204276354F000D5CE74 /* Debug */,
				D9AB0205276354F000D5CE74 /* Release */,
			);
			defaultConfigurationIsVisible = 0;
			defaultConfigurationName = Release;
		};
		D9D37B5F275CDE7F005713C6 /* Build configuration list for PBXNativeTarget "day05_swift" */ = {
			isa = XCConfigurationList;
			buildConfigurations = (
				D9D37B5D275CDE7F005713C6 /* Debug */,
				D9D37B5E275CDE7F005713C6 /* Release */,
			);
			defaultConfigurationIsVisible = 0;
			defaultConfigurationName = Release;
		};
		D9E905AF275B9EE0003E0A98 /* Build configuration list for PBXNativeTarget "day04_swift" */ = {
			isa = XCConfigurationList;
			buildConfigurations = (
				D9E905AD275B9EE0003E0A98 /* Debug */,
				D9E905AE275B9EE0003E0A98 /* Release */,
			);
			defaultConfigurationIsVisible = 0;
			defaultConfigurationName = Release;
		};
		D9F67AD2275922BC007F45AF /* Build configuration list for PBXProject "AdventOfCode2021" */ = {
			isa = XCConfigurationList;
			buildConfigurations = (
				D9F67ADC275922BC007F45AF /* Debug */,
				D9F67ADD275922BC007F45AF /* Release */,
			);
			defaultConfigurationIsVisible = 0;
			defaultConfigurationName = Release;
		};
		D9F67B1F275925F8007F45AF /* Build configuration list for PBXNativeTarget "day01_swift" */ = {
			isa = XCConfigurationList;
			buildConfigurations = (
				D9F67B20275925F8007F45AF /* Debug */,
				D9F67B21275925F8007F45AF /* Release */,
			);
			defaultConfigurationIsVisible = 0;
			defaultConfigurationName = Release;
		};
		D9F67B2A27592614007F45AF /* Build configuration list for PBXNativeTarget "day02_swift" */ = {
			isa = XCConfigurationList;
			buildConfigurations = (
				D9F67B2B27592614007F45AF /* Debug */,
				D9F67B2C27592614007F45AF /* Release */,
			);
			defaultConfigurationIsVisible = 0;
			defaultConfigurationName = Release;
		};
		D9F67B35275927EF007F45AF /* Build configuration list for PBXNativeTarget "day03_swift" */ = {
			isa = XCConfigurationList;
			buildConfigurations = (
				D9F67B36275927EF007F45AF /* Debug */,
				D9F67B37275927EF007F45AF /* Release */,
			);
			defaultConfigurationIsVisible = 0;
			defaultConfigurationName = Release;
		};
/* End XCConfigurationList section */
	};
	rootObject = D9F67ACF275922BC007F45AF /* Project object */;
}
